
Microsoft Visual Studio Solution File, Format Version 12.00
# Visual Studio Version 17
VisualStudioVersion = 17.3.32819.101
MinimumVisualStudioVersion = 10.0.40219.1
Project("{FAE04EC0-301F-11D3-BF4B-00C04F79EFBC}") = "StardewMotif", "StardewMotif\StardewMotif.csproj", "{DBBC110A-B788-4B98-AD77-6944C64627A9}"
EndProject
Global
	GlobalSection(SolutionConfigurationPlatforms) = preSolution
		Debug|Any CPU = Debug|Any CPU
		Release|Any CPU = Release|Any CPU
	EndGlobalSection
	GlobalSection(ProjectConfigurationPlatforms) = postSolution
		{DBBC110A-B788-4B98-AD77-6944C64627A9}.Debug|Any CPU.ActiveCfg = Debug|Any CPU
		{DBBC110A-B788-4B98-AD77-6944C64627A9}.Debug|Any CPU.Build.0 = Debug|Any CPU
		{DBBC110A-B788-4B98-AD77-6944C64627A9}.Release|Any CPU.ActiveCfg = Release|Any CPU
		{DBBC110A-B788-4B98-AD77-6944C64627A9}.Release|Any CPU.Build.0 = Release|Any CPU
	EndGlobalSection
	GlobalSection(SolutionProperties) = preSolution
		HideSolutionNode = FALSE
	EndGlobalSection
	GlobalSection(ExtensibilityGlobals) = postSolution
		SolutionGuid = {4FF5179D-E46A-46F2-AC14-31142D6CE415}
	EndGlobalSection
EndGlobal
